// !$*UTF8*$!
{
	archiveVersion = 1;
	classes = {
	};
	objectVersion = 50;
	objects = {

/* Begin PBXBuildFile section */
		22430FACBB0391771016282F /* Pods_eScan_for_Root_LabUITests.framework in Frameworks */ = {isa = PBXBuildFile; fileRef = 16F70718464626024ACCCA47 /* Pods_eScan_for_Root_LabUITests.framework */; };
		2D24C259234145B600877380 /* Structure.framework in Frameworks */ = {isa = PBXBuildFile; fileRef = 2D24C258234145B600877380 /* Structure.framework */; };
		2D2B241122054D130057F8C2 /* Root Lab transparent back PNG.png in Resources */ = {isa = PBXBuildFile; fileRef = 2D2B241022054D100057F8C2 /* Root Lab transparent back PNG.png */; };
		2D411F9E225074C7004D5862 /* ScannedR.png in Resources */ = {isa = PBXBuildFile; fileRef = 2D411F9A225074C6004D5862 /* ScannedR.png */; };
		2D411F9F225074C7004D5862 /* ScanR.png in Resources */ = {isa = PBXBuildFile; fileRef = 2D411F9B225074C6004D5862 /* ScanR.png */; };
		2D411FA0225074C7004D5862 /* ScanL.png in Resources */ = {isa = PBXBuildFile; fileRef = 2D411F9C225074C6004D5862 /* ScanL.png */; };
		2D411FA1225074C7004D5862 /* ScannedL.png in Resources */ = {isa = PBXBuildFile; fileRef = 2D411F9D225074C7004D5862 /* ScannedL.png */; };
		2D44BDB521B4BF9C009A1066 /* AppDelegate.swift in Sources */ = {isa = PBXBuildFile; fileRef = 2D44BDB421B4BF9C009A1066 /* AppDelegate.swift */; };
		2D44BDB721B4BF9C009A1066 /* ViewController.swift in Sources */ = {isa = PBXBuildFile; fileRef = 2D44BDB621B4BF9C009A1066 /* ViewController.swift */; };
		2D44BDBA21B4BF9C009A1066 /* Main.storyboard in Resources */ = {isa = PBXBuildFile; fileRef = 2D44BDB821B4BF9C009A1066 /* Main.storyboard */; };
		2D44BDBD21B4BF9C009A1066 /* eScan_for_Root_Lab.xcdatamodeld in Sources */ = {isa = PBXBuildFile; fileRef = 2D44BDBB21B4BF9C009A1066 /* eScan_for_Root_Lab.xcdatamodeld */; };
		2D44BDBF21B4BFA0009A1066 /* Assets.xcassets in Resources */ = {isa = PBXBuildFile; fileRef = 2D44BDBE21B4BFA0009A1066 /* Assets.xcassets */; };
		2D44BDC221B4BFA0009A1066 /* LaunchScreen.storyboard in Resources */ = {isa = PBXBuildFile; fileRef = 2D44BDC021B4BFA0009A1066 /* LaunchScreen.storyboard */; };
		2D44BDCD21B4BFA1009A1066 /* eScan_for_Root_LabTests.swift in Sources */ = {isa = PBXBuildFile; fileRef = 2D44BDCC21B4BFA1009A1066 /* eScan_for_Root_LabTests.swift */; };
		2D44BDD821B4BFA1009A1066 /* eScan_for_Root_LabUITests.swift in Sources */ = {isa = PBXBuildFile; fileRef = 2D44BDD721B4BFA1009A1066 /* eScan_for_Root_LabUITests.swift */; };
		2D44BDEC21B56EF4009A1066 /* mid_bg.jpg in Resources */ = {isa = PBXBuildFile; fileRef = 2D44BDEB21B56EF4009A1066 /* mid_bg.jpg */; };
		2D44BDEE21B57231009A1066 /* richieBrace.jpg in Resources */ = {isa = PBXBuildFile; fileRef = 2D44BDED21B57231009A1066 /* richieBrace.jpg */; };
		2D44BDF021B5728D009A1066 /* orthotics.jpg in Resources */ = {isa = PBXBuildFile; fileRef = 2D44BDEF21B5728D009A1066 /* orthotics.jpg */; };
		2D52F7C221BC703A00AC60F5 /* podiatrist.jpeg in Resources */ = {isa = PBXBuildFile; fileRef = 2D52F7C121BC703900AC60F5 /* podiatrist.jpeg */; };
		2D52F7C421BC713D00AC60F5 /* patient.png in Resources */ = {isa = PBXBuildFile; fileRef = 2D52F7C321BC713C00AC60F5 /* patient.png */; };
		2D61F50D22FBEFFF0057F794 /* eScan for Root Lab-2019-08-06-144131.ips.beta in Resources */ = {isa = PBXBuildFile; fileRef = 2D61F50C22FBEFFD0057F794 /* eScan for Root Lab-2019-08-06-144131.ips.beta */; };
		2D6A61E221F3DBA40077A8B1 /* fastcast3d.png in Resources */ = {isa = PBXBuildFile; fileRef = 2D6A61E121F3DBA40077A8B1 /* fastcast3d.png */; };
		2D6A61E421F3DD250077A8B1 /* greybar.png in Resources */ = {isa = PBXBuildFile; fileRef = 2D6A61E321F3DD210077A8B1 /* greybar.png */; };
		2D6A61EE21F64A2B0077A8B1 /* MeshRenderer.swift in Sources */ = {isa = PBXBuildFile; fileRef = 2D6A61ED21F64A2B0077A8B1 /* MeshRenderer.swift */; };
		2D6A61F021F64A430077A8B1 /* CustomShaders.swift in Sources */ = {isa = PBXBuildFile; fileRef = 2D6A61EF21F64A430077A8B1 /* CustomShaders.swift */; };
		2D6A61F821F64A690077A8B1 /* ViewController+Camera.swift in Sources */ = {isa = PBXBuildFile; fileRef = 2D6A61F121F64A670077A8B1 /* ViewController+Camera.swift */; };
		2D6A61F921F64A690077A8B1 /* MeshViewController.swift in Sources */ = {isa = PBXBuildFile; fileRef = 2D6A61F221F64A670077A8B1 /* MeshViewController.swift */; };
		2D6A61FA21F64A690077A8B1 /* ViewpointController.swift in Sources */ = {isa = PBXBuildFile; fileRef = 2D6A61F321F64A680077A8B1 /* ViewpointController.swift */; };
		2D6A61FB21F64A690077A8B1 /* ViewController+SLAM.swift in Sources */ = {isa = PBXBuildFile; fileRef = 2D6A61F421F64A680077A8B1 /* ViewController+SLAM.swift */; };
		2D6A61FC21F64A690077A8B1 /* ViewController+OpenGL.swift in Sources */ = {isa = PBXBuildFile; fileRef = 2D6A61F521F64A680077A8B1 /* ViewController+OpenGL.swift */; };
		2D6A61FD21F64A690077A8B1 /* EAGLView.swift in Sources */ = {isa = PBXBuildFile; fileRef = 2D6A61F621F64A680077A8B1 /* EAGLView.swift */; };
		2D6A61FE21F64A690077A8B1 /* ScannerExtensions.swift in Sources */ = {isa = PBXBuildFile; fileRef = 2D6A61F721F64A690077A8B1 /* ScannerExtensions.swift */; };
		2D8E46C22242AC97008DDB9A /* ScanNowbutton.png in Resources */ = {isa = PBXBuildFile; fileRef = 2D8E46C12242AC97008DDB9A /* ScanNowbutton.png */; };
		2D92357F22E01A8200DB9864 /* SupportButton.png in Resources */ = {isa = PBXBuildFile; fileRef = 2D92357E22E01A8200DB9864 /* SupportButton.png */; };
		2D9B417521D2DF9C0022FE2D /* CustomPrintRenderer.swift in Sources */ = {isa = PBXBuildFile; fileRef = 2D9B417421D2DF9C0022FE2D /* CustomPrintRenderer.swift */; };
		2D9B417D21D874730022FE2D /* CFNetwork.framework in Frameworks */ = {isa = PBXBuildFile; fileRef = 2D9B417C21D874720022FE2D /* CFNetwork.framework */; };
		2D9B417F21D8747E0022FE2D /* Security.framework in Frameworks */ = {isa = PBXBuildFile; fileRef = 2D9B417E21D8747E0022FE2D /* Security.framework */; };
		2D9B418121D87F0D0022FE2D /* mailcore2-ios.podspec.json in Resources */ = {isa = PBXBuildFile; fileRef = 2D9B418021D87F0D0022FE2D /* mailcore2-ios.podspec.json */; };
		2D9B41A321D88B2F0022FE2D /* QuartzCore.framework in Frameworks */ = {isa = PBXBuildFile; fileRef = 2D9B41A221D88B2F0022FE2D /* QuartzCore.framework */; };
		2D9B41A521D88E1D0022FE2D /* PDFKit.framework in Frameworks */ = {isa = PBXBuildFile; fileRef = 2D9B41A421D88E1D0022FE2D /* PDFKit.framework */; };
		2D9B41F021E714BC0022FE2D /* libz.tbd in Frameworks */ = {isa = PBXBuildFile; fileRef = 2D9B41EF21E714BC0022FE2D /* libz.tbd */; };
		2D9B41F221E714C70022FE2D /* ExternalAccessory.framework in Frameworks */ = {isa = PBXBuildFile; fileRef = 2D9B41F121E714C70022FE2D /* ExternalAccessory.framework */; };
		2D9B41F421E714D20022FE2D /* ImageIO.framework in Frameworks */ = {isa = PBXBuildFile; fileRef = 2D9B41F321E714D10022FE2D /* ImageIO.framework */; };
		2D9B41F621E714DC0022FE2D /* Accelerate.framework in Frameworks */ = {isa = PBXBuildFile; fileRef = 2D9B41F521E714DC0022FE2D /* Accelerate.framework */; };
		2D9B41FA21E859E40022FE2D /* RichieBraceViewController.swift in Sources */ = {isa = PBXBuildFile; fileRef = 2D9B41F921E859E40022FE2D /* RichieBraceViewController.swift */; };
		2D9B41FE21E85E7F0022FE2D /* StructureScannerViewController.swift in Sources */ = {isa = PBXBuildFile; fileRef = 2D9B41FD21E85E7F0022FE2D /* StructureScannerViewController.swift */; };
		2DA5914A2218748900D79518 /* PolyChart.png in Resources */ = {isa = PBXBuildFile; fileRef = 2DA591492218748900D79518 /* PolyChart.png */; };
		2DA5914C2218B77000D79518 /* TopCoversViewController.swift in Sources */ = {isa = PBXBuildFile; fileRef = 2DA5914B2218B77000D79518 /* TopCoversViewController.swift */; };
		2DAEDD2522346275003E1591 /* labUseOnly.png in Resources */ = {isa = PBXBuildFile; fileRef = 2DAEDD2422346275003E1591 /* labUseOnly.png */; };
		2DBCBF85221904BE004E3AC9 /* Circle.png in Resources */ = {isa = PBXBuildFile; fileRef = 2DBCBF84221904B2004E3AC9 /* Circle.png */; };
		2DC5599221BC6D90005F99BA /* structure scanner image.png in Resources */ = {isa = PBXBuildFile; fileRef = 2DC5599121BC6D8B005F99BA /* structure scanner image.png */; };
		2DC563C622B1999B00E87B77 /* SensorBatteryLow@2x.png in Resources */ = {isa = PBXBuildFile; fileRef = 2DC563B722B1999B00E87B77 /* SensorBatteryLow@2x.png */; };
		2DC563C722B1999B00E87B77 /* StructureSensorCalibrationIcon.png in Resources */ = {isa = PBXBuildFile; fileRef = 2DC563B822B1999B00E87B77 /* StructureSensorCalibrationIcon.png */; };
		2DC563C822B1999B00E87B77 /* StructureSensorRequiredDark.png in Resources */ = {isa = PBXBuildFile; fileRef = 2DC563B922B1999B00E87B77 /* StructureSensorRequiredDark.png */; };
		2DC563C922B1999B00E87B77 /* SensorBattery2.png in Resources */ = {isa = PBXBuildFile; fileRef = 2DC563BA22B1999B00E87B77 /* SensorBattery2.png */; };
		2DC563CA22B1999B00E87B77 /* StructureSensorRequiredDark@2x.png in Resources */ = {isa = PBXBuildFile; fileRef = 2DC563BB22B1999B00E87B77 /* StructureSensorRequiredDark@2x.png */; };
		2DC563CB22B1999B00E87B77 /* SensorBatteryLow.ai in Resources */ = {isa = PBXBuildFile; fileRef = 2DC563BC22B1999B00E87B77 /* SensorBatteryLow.ai */; };
		2DC563CC22B1999B00E87B77 /* LaunchImageExamples.ai in Resources */ = {isa = PBXBuildFile; fileRef = 2DC563BD22B1999B00E87B77 /* LaunchImageExamples.ai */; };
		2DC563CD22B1999B00E87B77 /* StructureSensorRequiredLight.png in Resources */ = {isa = PBXBuildFile; fileRef = 2DC563BE22B1999B00E87B77 /* StructureSensorRequiredLight.png */; };
		2DC563CE22B1999B00E87B77 /* StructureSensorIcon.png in Resources */ = {isa = PBXBuildFile; fileRef = 2DC563BF22B1999B00E87B77 /* StructureSensorIcon.png */; };
		2DC563CF22B1999B00E87B77 /* StructureSensorRequiredLight@2x.png in Resources */ = {isa = PBXBuildFile; fileRef = 2DC563C022B1999B00E87B77 /* StructureSensorRequiredLight@2x.png */; };
		2DC563D022B1999B00E87B77 /* SensorBatteryLow.png in Resources */ = {isa = PBXBuildFile; fileRef = 2DC563C122B1999B00E87B77 /* SensorBatteryLow.png */; };
		2DC563D122B1999B00E87B77 /* LaunchImageExamples.pdf in Resources */ = {isa = PBXBuildFile; fileRef = 2DC563C222B1999B00E87B77 /* LaunchImageExamples.pdf */; };
		2DC563D222B1999B00E87B77 /* SensorBattery2@2x.png in Resources */ = {isa = PBXBuildFile; fileRef = 2DC563C322B1999B00E87B77 /* SensorBattery2@2x.png */; };
		2DC563D322B1999B00E87B77 /* StructureSensorIcon@2x.png in Resources */ = {isa = PBXBuildFile; fileRef = 2DC563C422B1999B00E87B77 /* StructureSensorIcon@2x.png */; };
		2DC563D422B1999B00E87B77 /* StructureSensorIcon.ai in Resources */ = {isa = PBXBuildFile; fileRef = 2DC563C522B1999B00E87B77 /* StructureSensorIcon.ai */; };
		2DC563D622B209C100E87B77 /* StructureSensorRequired.png in Resources */ = {isa = PBXBuildFile; fileRef = 2DC563D522B209B500E87B77 /* StructureSensorRequired.png */; };
		2DE307E2220F4AA7002795E7 /* Item Selection.png in Resources */ = {isa = PBXBuildFile; fileRef = 2DE307E1220F4AA2002795E7 /* Item Selection.png */; };
		2DE307E4220F5CF9002795E7 /* TableViewController.swift in Sources */ = {isa = PBXBuildFile; fileRef = 2DE307E3220F5CF9002795E7 /* TableViewController.swift */; };
		2DE307E6220F911F002795E7 /* OrthoticsPrescriptionViewController.swift in Sources */ = {isa = PBXBuildFile; fileRef = 2DE307E5220F911F002795E7 /* OrthoticsPrescriptionViewController.swift */; };
		2DE307E82210A8DF002795E7 /* GlobalVariables.swift in Sources */ = {isa = PBXBuildFile; fileRef = 2DE307E72210A8DF002795E7 /* GlobalVariables.swift */; };
		2DE307F22210DF56002795E7 /* Neuroma Pad.png in Resources */ = {isa = PBXBuildFile; fileRef = 2DE307E92210DF3D002795E7 /* Neuroma Pad.png */; };
		2DE307F32210DF56002795E7 /* Kinetic Wedge.png in Resources */ = {isa = PBXBuildFile; fileRef = 2DE307EA2210DF42002795E7 /* Kinetic Wedge.png */; };
		2DE307F42210DF56002795E7 /* Metatarsal Bar.png in Resources */ = {isa = PBXBuildFile; fileRef = 2DE307EB2210DF48002795E7 /* Metatarsal Bar.png */; };
		2DE307FE2210E055002795E7 /* Heel Pad.png in Resources */ = {isa = PBXBuildFile; fileRef = 2DE307FD2210E055002795E7 /* Heel Pad.png */; };
		2DE308002210E073002795E7 /* Horeshoe Pad.png in Resources */ = {isa = PBXBuildFile; fileRef = 2DE307FF2210E073002795E7 /* Horeshoe Pad.png */; };
		2DE308022210E084002795E7 /* Dancers Pad.png in Resources */ = {isa = PBXBuildFile; fileRef = 2DE308012210E084002795E7 /* Dancers Pad.png */; };
		2DE308042210E093002795E7 /* Metatarsal Pad.png in Resources */ = {isa = PBXBuildFile; fileRef = 2DE308032210E093002795E7 /* Metatarsal Pad.png */; };
		2DE308062210E09D002795E7 /* Reverse mortons extension.png in Resources */ = {isa = PBXBuildFile; fileRef = 2DE308052210E09C002795E7 /* Reverse mortons extension.png */; };
		2DE308082210E0A5002795E7 /* Mortons Extension.png in Resources */ = {isa = PBXBuildFile; fileRef = 2DE308072210E0A4002795E7 /* Mortons Extension.png */; };
		2DE3081622122E43002795E7 /* checked.png in Resources */ = {isa = PBXBuildFile; fileRef = 2DE3080F22122E42002795E7 /* checked.png */; };
		2DE3081722122E43002795E7 /* Camera.png in Resources */ = {isa = PBXBuildFile; fileRef = 2DE3081022122E42002795E7 /* Camera.png */; };
		2DE3081822122E43002795E7 /* buttonMD.png in Resources */ = {isa = PBXBuildFile; fileRef = 2DE3081122122E42002795E7 /* buttonMD.png */; };
		2DE3081922122E43002795E7 /* buttonLong.png in Resources */ = {isa = PBXBuildFile; fileRef = 2DE3081222122E43002795E7 /* buttonLong.png */; };
		2DE3081A22122E43002795E7 /* unchecked.png in Resources */ = {isa = PBXBuildFile; fileRef = 2DE3081322122E43002795E7 /* unchecked.png */; };
		2DE3081C22122E43002795E7 /* Button.png in Resources */ = {isa = PBXBuildFile; fileRef = 2DE3081522122E43002795E7 /* Button.png */; };
		2DE3082022186839002795E7 /* Donebutton.png in Resources */ = {isa = PBXBuildFile; fileRef = 2DE3081F22186839002795E7 /* Donebutton.png */; };
		2DE5CF4B2287F17900C68708 /* OrderManagementViewController.swift in Sources */ = {isa = PBXBuildFile; fileRef = 2DE5CF4A2287F17900C68708 /* OrderManagementViewController.swift */; };
		4EF53A9B22866E0200EE477D /* icons in Resources */ = {isa = PBXBuildFile; fileRef = 4EF53A9A22866E0200EE477D /* icons */; };
		A011D51F143C6639926B378D /* Pods_eScan_for_Root_Lab.framework in Frameworks */ = {isa = PBXBuildFile; fileRef = 9AD4258BEDC0FDCDCC8D2EE2 /* Pods_eScan_for_Root_Lab.framework */; };
		DC83A54C980407467206585B /* Pods_eScan_for_Root_LabTests.framework in Frameworks */ = {isa = PBXBuildFile; fileRef = 450EE31D75D57B620C32F72D /* Pods_eScan_for_Root_LabTests.framework */; };
		DD581B3A22B2BF5900BA6137 /* libMailCore-ios.a in Frameworks */ = {isa = PBXBuildFile; fileRef = DD581B3922B2BF5800BA6137 /* libMailCore-ios.a */; };
/* End PBXBuildFile section */

/* Begin PBXContainerItemProxy section */
		2D44BDC921B4BFA1009A1066 /* PBXContainerItemProxy */ = {
			isa = PBXContainerItemProxy;
			containerPortal = 2D44BDA921B4BF9C009A1066 /* Project object */;
			proxyType = 1;
			remoteGlobalIDString = 2D44BDB021B4BF9C009A1066;
			remoteInfo = "eScan for Root Lab";
		};
		2D44BDD421B4BFA1009A1066 /* PBXContainerItemProxy */ = {
			isa = PBXContainerItemProxy;
			containerPortal = 2D44BDA921B4BF9C009A1066 /* Project object */;
			proxyType = 1;
			remoteGlobalIDString = 2D44BDB021B4BF9C009A1066;
			remoteInfo = "eScan for Root Lab";
		};
/* End PBXContainerItemProxy section */

/* Begin PBXFileReference section */
		16F70718464626024ACCCA47 /* Pods_eScan_for_Root_LabUITests.framework */ = {isa = PBXFileReference; explicitFileType = wrapper.framework; includeInIndex = 0; path = Pods_eScan_for_Root_LabUITests.framework; sourceTree = BUILT_PRODUCTS_DIR; };
		2D24C258234145B600877380 /* Structure.framework */ = {isa = PBXFileReference; lastKnownFileType = wrapper.framework; name = Structure.framework; path = "Structure SDK/Frameworks/Structure.framework"; sourceTree = "<group>"; };
		2D2B241022054D100057F8C2 /* Root Lab transparent back PNG.png */ = {isa = PBXFileReference; lastKnownFileType = image.png; path = "Root Lab transparent back PNG.png"; sourceTree = "<group>"; };
		2D411F9A225074C6004D5862 /* ScannedR.png */ = {isa = PBXFileReference; lastKnownFileType = image.png; path = ScannedR.png; sourceTree = "<group>"; };
		2D411F9B225074C6004D5862 /* ScanR.png */ = {isa = PBXFileReference; lastKnownFileType = image.png; path = ScanR.png; sourceTree = "<group>"; };
		2D411F9C225074C6004D5862 /* ScanL.png */ = {isa = PBXFileReference; lastKnownFileType = image.png; path = ScanL.png; sourceTree = "<group>"; };
		2D411F9D225074C7004D5862 /* ScannedL.png */ = {isa = PBXFileReference; lastKnownFileType = image.png; path = ScannedL.png; sourceTree = "<group>"; };
		2D44BDB121B4BF9C009A1066 /* eScan for Root Lab.app */ = {isa = PBXFileReference; explicitFileType = wrapper.application; includeInIndex = 0; path = "eScan for Root Lab.app"; sourceTree = BUILT_PRODUCTS_DIR; };
		2D44BDB421B4BF9C009A1066 /* AppDelegate.swift */ = {isa = PBXFileReference; lastKnownFileType = sourcecode.swift; path = AppDelegate.swift; sourceTree = "<group>"; };
		2D44BDB621B4BF9C009A1066 /* ViewController.swift */ = {isa = PBXFileReference; lastKnownFileType = sourcecode.swift; path = ViewController.swift; sourceTree = "<group>"; };
		2D44BDB921B4BF9C009A1066 /* Base */ = {isa = PBXFileReference; lastKnownFileType = file.storyboard; name = Base; path = Base.lproj/Main.storyboard; sourceTree = "<group>"; };
		2D44BDBC21B4BF9C009A1066 /* eScan_for_Root_Lab.xcdatamodel */ = {isa = PBXFileReference; lastKnownFileType = wrapper.xcdatamodel; path = eScan_for_Root_Lab.xcdatamodel; sourceTree = "<group>"; };
		2D44BDBE21B4BFA0009A1066 /* Assets.xcassets */ = {isa = PBXFileReference; lastKnownFileType = folder.assetcatalog; path = Assets.xcassets; sourceTree = "<group>"; };
		2D44BDC121B4BFA0009A1066 /* Base */ = {isa = PBXFileReference; lastKnownFileType = file.storyboard; name = Base; path = Base.lproj/LaunchScreen.storyboard; sourceTree = "<group>"; };
		2D44BDC321B4BFA0009A1066 /* Info.plist */ = {isa = PBXFileReference; lastKnownFileType = text.plist.xml; path = Info.plist; sourceTree = "<group>"; };
		2D44BDC821B4BFA1009A1066 /* eScan for Root LabTests.xctest */ = {isa = PBXFileReference; explicitFileType = wrapper.cfbundle; includeInIndex = 0; path = "eScan for Root LabTests.xctest"; sourceTree = BUILT_PRODUCTS_DIR; };
		2D44BDCC21B4BFA1009A1066 /* eScan_for_Root_LabTests.swift */ = {isa = PBXFileReference; lastKnownFileType = sourcecode.swift; path = eScan_for_Root_LabTests.swift; sourceTree = "<group>"; };
		2D44BDCE21B4BFA1009A1066 /* Info.plist */ = {isa = PBXFileReference; lastKnownFileType = text.plist.xml; path = Info.plist; sourceTree = "<group>"; };
		2D44BDD321B4BFA1009A1066 /* eScan for Root LabUITests.xctest */ = {isa = PBXFileReference; explicitFileType = wrapper.cfbundle; includeInIndex = 0; path = "eScan for Root LabUITests.xctest"; sourceTree = BUILT_PRODUCTS_DIR; };
		2D44BDD721B4BFA1009A1066 /* eScan_for_Root_LabUITests.swift */ = {isa = PBXFileReference; lastKnownFileType = sourcecode.swift; path = eScan_for_Root_LabUITests.swift; sourceTree = "<group>"; };
		2D44BDD921B4BFA1009A1066 /* Info.plist */ = {isa = PBXFileReference; lastKnownFileType = text.plist.xml; path = Info.plist; sourceTree = "<group>"; };
		2D44BDEB21B56EF4009A1066 /* mid_bg.jpg */ = {isa = PBXFileReference; lastKnownFileType = image.jpeg; path = mid_bg.jpg; sourceTree = "<group>"; };
		2D44BDED21B57231009A1066 /* richieBrace.jpg */ = {isa = PBXFileReference; lastKnownFileType = image.jpeg; path = richieBrace.jpg; sourceTree = "<group>"; };
		2D44BDEF21B5728D009A1066 /* orthotics.jpg */ = {isa = PBXFileReference; lastKnownFileType = image.jpeg; path = orthotics.jpg; sourceTree = "<group>"; };
		2D52F7C121BC703900AC60F5 /* podiatrist.jpeg */ = {isa = PBXFileReference; lastKnownFileType = image.jpeg; path = podiatrist.jpeg; sourceTree = "<group>"; };
		2D52F7C321BC713C00AC60F5 /* patient.png */ = {isa = PBXFileReference; lastKnownFileType = image.png; path = patient.png; sourceTree = "<group>"; };
		2D61F50C22FBEFFD0057F794 /* eScan for Root Lab-2019-08-06-144131.ips.beta */ = {isa = PBXFileReference; fileEncoding = 4; lastKnownFileType = text; path = "eScan for Root Lab-2019-08-06-144131.ips.beta"; sourceTree = "<group>"; };
		2D6A61E121F3DBA40077A8B1 /* fastcast3d.png */ = {isa = PBXFileReference; lastKnownFileType = image.png; path = fastcast3d.png; sourceTree = "<group>"; };
		2D6A61E321F3DD210077A8B1 /* greybar.png */ = {isa = PBXFileReference; lastKnownFileType = image.png; path = greybar.png; sourceTree = "<group>"; };
		2D6A61ED21F64A2B0077A8B1 /* MeshRenderer.swift */ = {isa = PBXFileReference; fileEncoding = 4; lastKnownFileType = sourcecode.swift; path = MeshRenderer.swift; sourceTree = "<group>"; };
		2D6A61EF21F64A430077A8B1 /* CustomShaders.swift */ = {isa = PBXFileReference; fileEncoding = 4; lastKnownFileType = sourcecode.swift; path = CustomShaders.swift; sourceTree = "<group>"; };
		2D6A61F121F64A670077A8B1 /* ViewController+Camera.swift */ = {isa = PBXFileReference; fileEncoding = 4; lastKnownFileType = sourcecode.swift; path = "ViewController+Camera.swift"; sourceTree = "<group>"; };
		2D6A61F221F64A670077A8B1 /* MeshViewController.swift */ = {isa = PBXFileReference; fileEncoding = 4; lastKnownFileType = sourcecode.swift; path = MeshViewController.swift; sourceTree = "<group>"; };
		2D6A61F321F64A680077A8B1 /* ViewpointController.swift */ = {isa = PBXFileReference; fileEncoding = 4; lastKnownFileType = sourcecode.swift; path = ViewpointController.swift; sourceTree = "<group>"; };
		2D6A61F421F64A680077A8B1 /* ViewController+SLAM.swift */ = {isa = PBXFileReference; fileEncoding = 4; lastKnownFileType = sourcecode.swift; path = "ViewController+SLAM.swift"; sourceTree = "<group>"; };
		2D6A61F521F64A680077A8B1 /* ViewController+OpenGL.swift */ = {isa = PBXFileReference; fileEncoding = 4; lastKnownFileType = sourcecode.swift; path = "ViewController+OpenGL.swift"; sourceTree = "<group>"; };
		2D6A61F621F64A680077A8B1 /* EAGLView.swift */ = {isa = PBXFileReference; fileEncoding = 4; lastKnownFileType = sourcecode.swift; path = EAGLView.swift; sourceTree = "<group>"; };
		2D6A61F721F64A690077A8B1 /* ScannerExtensions.swift */ = {isa = PBXFileReference; fileEncoding = 4; lastKnownFileType = sourcecode.swift; path = ScannerExtensions.swift; sourceTree = "<group>"; };
		2D8E46C12242AC97008DDB9A /* ScanNowbutton.png */ = {isa = PBXFileReference; lastKnownFileType = image.png; path = ScanNowbutton.png; sourceTree = "<group>"; };
		2D92357E22E01A8200DB9864 /* SupportButton.png */ = {isa = PBXFileReference; lastKnownFileType = image.png; path = SupportButton.png; sourceTree = "<group>"; };
		2D9B417421D2DF9C0022FE2D /* CustomPrintRenderer.swift */ = {isa = PBXFileReference; lastKnownFileType = sourcecode.swift; path = CustomPrintRenderer.swift; sourceTree = "<group>"; };
		2D9B417C21D874720022FE2D /* CFNetwork.framework */ = {isa = PBXFileReference; lastKnownFileType = wrapper.framework; name = CFNetwork.framework; path = System/Library/Frameworks/CFNetwork.framework; sourceTree = SDKROOT; };
		2D9B417E21D8747E0022FE2D /* Security.framework */ = {isa = PBXFileReference; lastKnownFileType = wrapper.framework; name = Security.framework; path = System/Library/Frameworks/Security.framework; sourceTree = SDKROOT; };
		2D9B418021D87F0D0022FE2D /* mailcore2-ios.podspec.json */ = {isa = PBXFileReference; fileEncoding = 4; lastKnownFileType = text.json; path = "mailcore2-ios.podspec.json"; sourceTree = "<group>"; };
		2D9B418221D87F740022FE2D /* eScan for Root Lab-Bridging-Header.h */ = {isa = PBXFileReference; lastKnownFileType = sourcecode.c.h; path = "eScan for Root Lab-Bridging-Header.h"; sourceTree = "<group>"; };
		2D9B41A221D88B2F0022FE2D /* QuartzCore.framework */ = {isa = PBXFileReference; lastKnownFileType = wrapper.framework; name = QuartzCore.framework; path = System/Library/Frameworks/QuartzCore.framework; sourceTree = SDKROOT; };
		2D9B41A421D88E1D0022FE2D /* PDFKit.framework */ = {isa = PBXFileReference; lastKnownFileType = wrapper.framework; name = PDFKit.framework; path = System/Library/Frameworks/PDFKit.framework; sourceTree = SDKROOT; };
		2D9B41EF21E714BC0022FE2D /* libz.tbd */ = {isa = PBXFileReference; lastKnownFileType = "sourcecode.text-based-dylib-definition"; name = libz.tbd; path = usr/lib/libz.tbd; sourceTree = SDKROOT; };
		2D9B41F121E714C70022FE2D /* ExternalAccessory.framework */ = {isa = PBXFileReference; lastKnownFileType = wrapper.framework; name = ExternalAccessory.framework; path = System/Library/Frameworks/ExternalAccessory.framework; sourceTree = SDKROOT; };
		2D9B41F321E714D10022FE2D /* ImageIO.framework */ = {isa = PBXFileReference; lastKnownFileType = wrapper.framework; name = ImageIO.framework; path = System/Library/Frameworks/ImageIO.framework; sourceTree = SDKROOT; };
		2D9B41F521E714DC0022FE2D /* Accelerate.framework */ = {isa = PBXFileReference; lastKnownFileType = wrapper.framework; name = Accelerate.framework; path = System/Library/Frameworks/Accelerate.framework; sourceTree = SDKROOT; };
		2D9B41F921E859E40022FE2D /* RichieBraceViewController.swift */ = {isa = PBXFileReference; lastKnownFileType = sourcecode.swift; path = RichieBraceViewController.swift; sourceTree = "<group>"; };
		2D9B41FD21E85E7F0022FE2D /* StructureScannerViewController.swift */ = {isa = PBXFileReference; lastKnownFileType = sourcecode.swift; path = StructureScannerViewController.swift; sourceTree = "<group>"; };
		2DA591492218748900D79518 /* PolyChart.png */ = {isa = PBXFileReference; lastKnownFileType = image.png; path = PolyChart.png; sourceTree = "<group>"; };
		2DA5914B2218B77000D79518 /* TopCoversViewController.swift */ = {isa = PBXFileReference; lastKnownFileType = sourcecode.swift; path = TopCoversViewController.swift; sourceTree = "<group>"; };
		2DAEDD2422346275003E1591 /* labUseOnly.png */ = {isa = PBXFileReference; lastKnownFileType = image.png; path = labUseOnly.png; sourceTree = "<group>"; };
		2DBCBF84221904B2004E3AC9 /* Circle.png */ = {isa = PBXFileReference; lastKnownFileType = image.png; path = Circle.png; sourceTree = "<group>"; };
		2DC5599121BC6D8B005F99BA /* structure scanner image.png */ = {isa = PBXFileReference; lastKnownFileType = image.png; path = "structure scanner image.png"; sourceTree = "<group>"; };
		2DC563B722B1999B00E87B77 /* SensorBatteryLow@2x.png */ = {isa = PBXFileReference; lastKnownFileType = image.png; path = "SensorBatteryLow@2x.png"; sourceTree = "<group>"; };
		2DC563B822B1999B00E87B77 /* StructureSensorCalibrationIcon.png */ = {isa = PBXFileReference; lastKnownFileType = image.png; path = StructureSensorCalibrationIcon.png; sourceTree = "<group>"; };
		2DC563B922B1999B00E87B77 /* StructureSensorRequiredDark.png */ = {isa = PBXFileReference; lastKnownFileType = image.png; path = StructureSensorRequiredDark.png; sourceTree = "<group>"; };
		2DC563BA22B1999B00E87B77 /* SensorBattery2.png */ = {isa = PBXFileReference; lastKnownFileType = image.png; path = SensorBattery2.png; sourceTree = "<group>"; };
		2DC563BB22B1999B00E87B77 /* StructureSensorRequiredDark@2x.png */ = {isa = PBXFileReference; lastKnownFileType = image.png; path = "StructureSensorRequiredDark@2x.png"; sourceTree = "<group>"; };
		2DC563BC22B1999B00E87B77 /* SensorBatteryLow.ai */ = {isa = PBXFileReference; fileEncoding = 4; lastKnownFileType = text; path = SensorBatteryLow.ai; sourceTree = "<group>"; };
		2DC563BD22B1999B00E87B77 /* LaunchImageExamples.ai */ = {isa = PBXFileReference; fileEncoding = 4; lastKnownFileType = text; path = LaunchImageExamples.ai; sourceTree = "<group>"; };
		2DC563BE22B1999B00E87B77 /* StructureSensorRequiredLight.png */ = {isa = PBXFileReference; lastKnownFileType = image.png; path = StructureSensorRequiredLight.png; sourceTree = "<group>"; };
		2DC563BF22B1999B00E87B77 /* StructureSensorIcon.png */ = {isa = PBXFileReference; lastKnownFileType = image.png; path = StructureSensorIcon.png; sourceTree = "<group>"; };
		2DC563C022B1999B00E87B77 /* StructureSensorRequiredLight@2x.png */ = {isa = PBXFileReference; lastKnownFileType = image.png; path = "StructureSensorRequiredLight@2x.png"; sourceTree = "<group>"; };
		2DC563C122B1999B00E87B77 /* SensorBatteryLow.png */ = {isa = PBXFileReference; lastKnownFileType = image.png; path = SensorBatteryLow.png; sourceTree = "<group>"; };
		2DC563C222B1999B00E87B77 /* LaunchImageExamples.pdf */ = {isa = PBXFileReference; lastKnownFileType = image.pdf; path = LaunchImageExamples.pdf; sourceTree = "<group>"; };
		2DC563C322B1999B00E87B77 /* SensorBattery2@2x.png */ = {isa = PBXFileReference; lastKnownFileType = image.png; path = "SensorBattery2@2x.png"; sourceTree = "<group>"; };
		2DC563C422B1999B00E87B77 /* StructureSensorIcon@2x.png */ = {isa = PBXFileReference; lastKnownFileType = image.png; path = "StructureSensorIcon@2x.png"; sourceTree = "<group>"; };
		2DC563C522B1999B00E87B77 /* StructureSensorIcon.ai */ = {isa = PBXFileReference; fileEncoding = 4; lastKnownFileType = text; path = StructureSensorIcon.ai; sourceTree = "<group>"; };
		2DC563D522B209B500E87B77 /* StructureSensorRequired.png */ = {isa = PBXFileReference; lastKnownFileType = image.png; path = StructureSensorRequired.png; sourceTree = "<group>"; };
		2DE307E1220F4AA2002795E7 /* Item Selection.png */ = {isa = PBXFileReference; lastKnownFileType = image.png; path = "Item Selection.png"; sourceTree = "<group>"; };
		2DE307E3220F5CF9002795E7 /* TableViewController.swift */ = {isa = PBXFileReference; lastKnownFileType = sourcecode.swift; path = TableViewController.swift; sourceTree = "<group>"; };
		2DE307E5220F911F002795E7 /* OrthoticsPrescriptionViewController.swift */ = {isa = PBXFileReference; lastKnownFileType = sourcecode.swift; path = OrthoticsPrescriptionViewController.swift; sourceTree = "<group>"; };
		2DE307E72210A8DF002795E7 /* GlobalVariables.swift */ = {isa = PBXFileReference; lastKnownFileType = sourcecode.swift; path = GlobalVariables.swift; sourceTree = "<group>"; };
		2DE307E92210DF3D002795E7 /* Neuroma Pad.png */ = {isa = PBXFileReference; lastKnownFileType = image.png; path = "Neuroma Pad.png"; sourceTree = "<group>"; };
		2DE307EA2210DF42002795E7 /* Kinetic Wedge.png */ = {isa = PBXFileReference; lastKnownFileType = image.png; path = "Kinetic Wedge.png"; sourceTree = "<group>"; };
		2DE307EB2210DF48002795E7 /* Metatarsal Bar.png */ = {isa = PBXFileReference; lastKnownFileType = image.png; path = "Metatarsal Bar.png"; sourceTree = "<group>"; };
		2DE307FD2210E055002795E7 /* Heel Pad.png */ = {isa = PBXFileReference; lastKnownFileType = image.png; path = "Heel Pad.png"; sourceTree = "<group>"; };
		2DE307FF2210E073002795E7 /* Horeshoe Pad.png */ = {isa = PBXFileReference; lastKnownFileType = image.png; path = "Horeshoe Pad.png"; sourceTree = "<group>"; };
		2DE308012210E084002795E7 /* Dancers Pad.png */ = {isa = PBXFileReference; lastKnownFileType = image.png; path = "Dancers Pad.png"; sourceTree = "<group>"; };
		2DE308032210E093002795E7 /* Metatarsal Pad.png */ = {isa = PBXFileReference; lastKnownFileType = image.png; path = "Metatarsal Pad.png"; sourceTree = "<group>"; };
		2DE308052210E09C002795E7 /* Reverse mortons extension.png */ = {isa = PBXFileReference; lastKnownFileType = image.png; path = "Reverse mortons extension.png"; sourceTree = "<group>"; };
		2DE308072210E0A4002795E7 /* Mortons Extension.png */ = {isa = PBXFileReference; lastKnownFileType = image.png; path = "Mortons Extension.png"; sourceTree = "<group>"; };
		2DE3080F22122E42002795E7 /* checked.png */ = {isa = PBXFileReference; lastKnownFileType = image.png; path = checked.png; sourceTree = "<group>"; };
		2DE3081022122E42002795E7 /* Camera.png */ = {isa = PBXFileReference; lastKnownFileType = image.png; path = Camera.png; sourceTree = "<group>"; };
		2DE3081122122E42002795E7 /* buttonMD.png */ = {isa = PBXFileReference; lastKnownFileType = image.png; path = buttonMD.png; sourceTree = "<group>"; };
		2DE3081222122E43002795E7 /* buttonLong.png */ = {isa = PBXFileReference; lastKnownFileType = image.png; path = buttonLong.png; sourceTree = "<group>"; };
		2DE3081322122E43002795E7 /* unchecked.png */ = {isa = PBXFileReference; lastKnownFileType = image.png; path = unchecked.png; sourceTree = "<group>"; };
		2DE3081522122E43002795E7 /* Button.png */ = {isa = PBXFileReference; lastKnownFileType = image.png; path = Button.png; sourceTree = "<group>"; };
		2DE3081F22186839002795E7 /* Donebutton.png */ = {isa = PBXFileReference; lastKnownFileType = image.png; path = Donebutton.png; sourceTree = "<group>"; };
		2DE5CF4A2287F17900C68708 /* OrderManagementViewController.swift */ = {isa = PBXFileReference; lastKnownFileType = sourcecode.swift; path = OrderManagementViewController.swift; sourceTree = "<group>"; };
		450EE31D75D57B620C32F72D /* Pods_eScan_for_Root_LabTests.framework */ = {isa = PBXFileReference; explicitFileType = wrapper.framework; includeInIndex = 0; path = Pods_eScan_for_Root_LabTests.framework; sourceTree = BUILT_PRODUCTS_DIR; };
		4EF53A9A22866E0200EE477D /* icons */ = {isa = PBXFileReference; lastKnownFileType = folder; path = icons; sourceTree = "<group>"; };
		534A46261B8747864B8BD9AA /* Pods-eScan for Root LabTests.release.xcconfig */ = {isa = PBXFileReference; includeInIndex = 1; lastKnownFileType = text.xcconfig; name = "Pods-eScan for Root LabTests.release.xcconfig"; path = "Pods/Target Support Files/Pods-eScan for Root LabTests/Pods-eScan for Root LabTests.release.xcconfig"; sourceTree = "<group>"; };
		5F98FE6D1D999B2FF00B6ED9 /* Pods-eScan for Root Lab.release.xcconfig */ = {isa = PBXFileReference; includeInIndex = 1; lastKnownFileType = text.xcconfig; name = "Pods-eScan for Root Lab.release.xcconfig"; path = "Pods/Target Support Files/Pods-eScan for Root Lab/Pods-eScan for Root Lab.release.xcconfig"; sourceTree = "<group>"; };
		64B2D0386FFEDF6424EF0966 /* Pods-eScan for Root LabUITests.release.xcconfig */ = {isa = PBXFileReference; includeInIndex = 1; lastKnownFileType = text.xcconfig; name = "Pods-eScan for Root LabUITests.release.xcconfig"; path = "Pods/Target Support Files/Pods-eScan for Root LabUITests/Pods-eScan for Root LabUITests.release.xcconfig"; sourceTree = "<group>"; };
		7E43037612DE032A5AB0EF30 /* Pods-eScan for Root Lab.debug.xcconfig */ = {isa = PBXFileReference; includeInIndex = 1; lastKnownFileType = text.xcconfig; name = "Pods-eScan for Root Lab.debug.xcconfig"; path = "Pods/Target Support Files/Pods-eScan for Root Lab/Pods-eScan for Root Lab.debug.xcconfig"; sourceTree = "<group>"; };
		9AD4258BEDC0FDCDCC8D2EE2 /* Pods_eScan_for_Root_Lab.framework */ = {isa = PBXFileReference; explicitFileType = wrapper.framework; includeInIndex = 0; path = Pods_eScan_for_Root_Lab.framework; sourceTree = BUILT_PRODUCTS_DIR; };
		DD581B3922B2BF5800BA6137 /* libMailCore-ios.a */ = {isa = PBXFileReference; lastKnownFileType = archive.ar; path = "libMailCore-ios.a"; sourceTree = "<group>"; };
		DDF11C6C853AAA446F0C7426 /* Pods-eScan for Root LabUITests.debug.xcconfig */ = {isa = PBXFileReference; includeInIndex = 1; lastKnownFileType = text.xcconfig; name = "Pods-eScan for Root LabUITests.debug.xcconfig"; path = "Pods/Target Support Files/Pods-eScan for Root LabUITests/Pods-eScan for Root LabUITests.debug.xcconfig"; sourceTree = "<group>"; };
		F8F048265EA71687C36CBA56 /* Pods-eScan for Root LabTests.debug.xcconfig */ = {isa = PBXFileReference; includeInIndex = 1; lastKnownFileType = text.xcconfig; name = "Pods-eScan for Root LabTests.debug.xcconfig"; path = "Pods/Target Support Files/Pods-eScan for Root LabTests/Pods-eScan for Root LabTests.debug.xcconfig"; sourceTree = "<group>"; };
/* End PBXFileReference section */

/* Begin PBXFrameworksBuildPhase section */
		2D44BDAE21B4BF9C009A1066 /* Frameworks */ = {
			isa = PBXFrameworksBuildPhase;
			buildActionMask = 2147483647;
			files = (
				2D9B41F621E714DC0022FE2D /* Accelerate.framework in Frameworks */,
				2D9B41F421E714D20022FE2D /* ImageIO.framework in Frameworks */,
				2D9B41F221E714C70022FE2D /* ExternalAccessory.framework in Frameworks */,
				2D9B41F021E714BC0022FE2D /* libz.tbd in Frameworks */,
				2D24C259234145B600877380 /* Structure.framework in Frameworks */,
				2D9B41A521D88E1D0022FE2D /* PDFKit.framework in Frameworks */,
				DD581B3A22B2BF5900BA6137 /* libMailCore-ios.a in Frameworks */,
				2D9B41A321D88B2F0022FE2D /* QuartzCore.framework in Frameworks */,
				2D9B417F21D8747E0022FE2D /* Security.framework in Frameworks */,
				2D9B417D21D874730022FE2D /* CFNetwork.framework in Frameworks */,
				A011D51F143C6639926B378D /* Pods_eScan_for_Root_Lab.framework in Frameworks */,
			);
			runOnlyForDeploymentPostprocessing = 0;
		};
		2D44BDC521B4BFA1009A1066 /* Frameworks */ = {
			isa = PBXFrameworksBuildPhase;
			buildActionMask = 2147483647;
			files = (
				DC83A54C980407467206585B /* Pods_eScan_for_Root_LabTests.framework in Frameworks */,
			);
			runOnlyForDeploymentPostprocessing = 0;
		};
		2D44BDD021B4BFA1009A1066 /* Frameworks */ = {
			isa = PBXFrameworksBuildPhase;
			buildActionMask = 2147483647;
			files = (
				22430FACBB0391771016282F /* Pods_eScan_for_Root_LabUITests.framework in Frameworks */,
			);
			runOnlyForDeploymentPostprocessing = 0;
		};
/* End PBXFrameworksBuildPhase section */

/* Begin PBXGroup section */
		28314FFD3D4AABA0C3370CDD /* Pods */ = {
			isa = PBXGroup;
			children = (
				7E43037612DE032A5AB0EF30 /* Pods-eScan for Root Lab.debug.xcconfig */,
				5F98FE6D1D999B2FF00B6ED9 /* Pods-eScan for Root Lab.release.xcconfig */,
				F8F048265EA71687C36CBA56 /* Pods-eScan for Root LabTests.debug.xcconfig */,
				534A46261B8747864B8BD9AA /* Pods-eScan for Root LabTests.release.xcconfig */,
				DDF11C6C853AAA446F0C7426 /* Pods-eScan for Root LabUITests.debug.xcconfig */,
				64B2D0386FFEDF6424EF0966 /* Pods-eScan for Root LabUITests.release.xcconfig */,
			);
			name = Pods;
			sourceTree = "<group>";
		};
		2D44BDA821B4BF9C009A1066 = {
			isa = PBXGroup;
			children = (
				2D9B418221D87F740022FE2D /* eScan for Root Lab-Bridging-Header.h */,
				2D9B418021D87F0D0022FE2D /* mailcore2-ios.podspec.json */,
				2D44BDB321B4BF9C009A1066 /* eScan for Root Lab */,
				2D44BDCB21B4BFA1009A1066 /* eScan for Root LabTests */,
				2D44BDD621B4BFA1009A1066 /* eScan for Root LabUITests */,
				2D44BDB221B4BF9C009A1066 /* Products */,
				2D9B417B21D874720022FE2D /* Frameworks */,
				28314FFD3D4AABA0C3370CDD /* Pods */,
			);
			sourceTree = "<group>";
		};
		2D44BDB221B4BF9C009A1066 /* Products */ = {
			isa = PBXGroup;
			children = (
				2D44BDB121B4BF9C009A1066 /* eScan for Root Lab.app */,
				2D44BDC821B4BFA1009A1066 /* eScan for Root LabTests.xctest */,
				2D44BDD321B4BFA1009A1066 /* eScan for Root LabUITests.xctest */,
			);
			name = Products;
			sourceTree = "<group>";
		};
		2D44BDB321B4BF9C009A1066 /* eScan for Root Lab */ = {
			isa = PBXGroup;
			children = (
				2D9B417821D354280022FE2D /* images */,
				2D44BDB421B4BF9C009A1066 /* AppDelegate.swift */,
				2D44BDB621B4BF9C009A1066 /* ViewController.swift */,
				2DE307E3220F5CF9002795E7 /* TableViewController.swift */,
				2DE5CF4A2287F17900C68708 /* OrderManagementViewController.swift */,
				2DA5914B2218B77000D79518 /* TopCoversViewController.swift */,
				2DE307E5220F911F002795E7 /* OrthoticsPrescriptionViewController.swift */,
				2D6A61ED21F64A2B0077A8B1 /* MeshRenderer.swift */,
				2D6A61EF21F64A430077A8B1 /* CustomShaders.swift */,
				2D6A61F621F64A680077A8B1 /* EAGLView.swift */,
				2D6A61F221F64A670077A8B1 /* MeshViewController.swift */,
				2D6A61F721F64A690077A8B1 /* ScannerExtensions.swift */,
				2D6A61F121F64A670077A8B1 /* ViewController+Camera.swift */,
				2D6A61F521F64A680077A8B1 /* ViewController+OpenGL.swift */,
				2D6A61F421F64A680077A8B1 /* ViewController+SLAM.swift */,
				2D6A61F321F64A680077A8B1 /* ViewpointController.swift */,
				2D9B41F921E859E40022FE2D /* RichieBraceViewController.swift */,
				2D9B417421D2DF9C0022FE2D /* CustomPrintRenderer.swift */,
				2D9B41FD21E85E7F0022FE2D /* StructureScannerViewController.swift */,
				2DE307E72210A8DF002795E7 /* GlobalVariables.swift */,
				2D44BDB821B4BF9C009A1066 /* Main.storyboard */,
				2D44BDBE21B4BFA0009A1066 /* Assets.xcassets */,
				2D44BDC021B4BFA0009A1066 /* LaunchScreen.storyboard */,
				2D61F50C22FBEFFD0057F794 /* eScan for Root Lab-2019-08-06-144131.ips.beta */,
				2D44BDC321B4BFA0009A1066 /* Info.plist */,
				2D44BDBB21B4BF9C009A1066 /* eScan_for_Root_Lab.xcdatamodeld */,
			);
			path = "eScan for Root Lab";
			sourceTree = "<group>";
		};
		2D44BDCB21B4BFA1009A1066 /* eScan for Root LabTests */ = {
			isa = PBXGroup;
			children = (
				2D44BDCC21B4BFA1009A1066 /* eScan_for_Root_LabTests.swift */,
				2D44BDCE21B4BFA1009A1066 /* Info.plist */,
			);
			path = "eScan for Root LabTests";
			sourceTree = "<group>";
		};
		2D44BDD621B4BFA1009A1066 /* eScan for Root LabUITests */ = {
			isa = PBXGroup;
			children = (
				2D44BDD721B4BFA1009A1066 /* eScan_for_Root_LabUITests.swift */,
				2D44BDD921B4BFA1009A1066 /* Info.plist */,
			);
			path = "eScan for Root LabUITests";
			sourceTree = "<group>";
		};
		2D9B417821D354280022FE2D /* images */ = {
			isa = PBXGroup;
			children = (
				2D92357E22E01A8200DB9864 /* SupportButton.png */,
				2DC563B622B1999B00E87B77 /* Structure_SDK_App_Review_Assets */,
				4EF53A9A22866E0200EE477D /* icons */,
				2D411F9C225074C6004D5862 /* ScanL.png */,
				2D411F9D225074C7004D5862 /* ScannedL.png */,
				2D411F9A225074C6004D5862 /* ScannedR.png */,
				2D411F9B225074C6004D5862 /* ScanR.png */,
				2D8E46C12242AC97008DDB9A /* ScanNowbutton.png */,
				2DAEDD2422346275003E1591 /* labUseOnly.png */,
				2DBCBF84221904B2004E3AC9 /* Circle.png */,
				2DA591492218748900D79518 /* PolyChart.png */,
				2DE3081F22186839002795E7 /* Donebutton.png */,
				2DE3081522122E43002795E7 /* Button.png */,
				2DE3081222122E43002795E7 /* buttonLong.png */,
				2DE3081122122E42002795E7 /* buttonMD.png */,
				2DE3081022122E42002795E7 /* Camera.png */,
				2DE3080F22122E42002795E7 /* checked.png */,
				2DE3081322122E43002795E7 /* unchecked.png */,
				2DE307FD2210E055002795E7 /* Heel Pad.png */,
				2DE307FF2210E073002795E7 /* Horeshoe Pad.png */,
				2DE307EA2210DF42002795E7 /* Kinetic Wedge.png */,
				2DE307EB2210DF48002795E7 /* Metatarsal Bar.png */,
				2DE308012210E084002795E7 /* Dancers Pad.png */,
				2DE308032210E093002795E7 /* Metatarsal Pad.png */,
				2DE308052210E09C002795E7 /* Reverse mortons extension.png */,
				2DE308072210E0A4002795E7 /* Mortons Extension.png */,
				2DE307E92210DF3D002795E7 /* Neuroma Pad.png */,
				2DE307E1220F4AA2002795E7 /* Item Selection.png */,
				2D2B241022054D100057F8C2 /* Root Lab transparent back PNG.png */,
				2D6A61E321F3DD210077A8B1 /* greybar.png */,
				2D6A61E121F3DBA40077A8B1 /* fastcast3d.png */,
				2D52F7C321BC713C00AC60F5 /* patient.png */,
				2D52F7C121BC703900AC60F5 /* podiatrist.jpeg */,
				2DC5599121BC6D8B005F99BA /* structure scanner image.png */,
				2D44BDEB21B56EF4009A1066 /* mid_bg.jpg */,
				2D44BDED21B57231009A1066 /* richieBrace.jpg */,
				2D44BDEF21B5728D009A1066 /* orthotics.jpg */,
			);
			path = images;
			sourceTree = "<group>";
		};
		2D9B417B21D874720022FE2D /* Frameworks */ = {
			isa = PBXGroup;
			children = (
				2D24C258234145B600877380 /* Structure.framework */,
				DD581B3922B2BF5800BA6137 /* libMailCore-ios.a */,
				2D9B41F521E714DC0022FE2D /* Accelerate.framework */,
				2D9B41F321E714D10022FE2D /* ImageIO.framework */,
				2D9B41F121E714C70022FE2D /* ExternalAccessory.framework */,
				2D9B41EF21E714BC0022FE2D /* libz.tbd */,
				2D9B41A421D88E1D0022FE2D /* PDFKit.framework */,
				2D9B41A221D88B2F0022FE2D /* QuartzCore.framework */,
				2D9B417E21D8747E0022FE2D /* Security.framework */,
				2D9B417C21D874720022FE2D /* CFNetwork.framework */,
				9AD4258BEDC0FDCDCC8D2EE2 /* Pods_eScan_for_Root_Lab.framework */,
				450EE31D75D57B620C32F72D /* Pods_eScan_for_Root_LabTests.framework */,
				16F70718464626024ACCCA47 /* Pods_eScan_for_Root_LabUITests.framework */,
			);
			name = Frameworks;
			sourceTree = "<group>";
		};
		2DC563B622B1999B00E87B77 /* Structure_SDK_App_Review_Assets */ = {
			isa = PBXGroup;
			children = (
				2DC563D522B209B500E87B77 /* StructureSensorRequired.png */,
				2DC563B722B1999B00E87B77 /* SensorBatteryLow@2x.png */,
				2DC563B822B1999B00E87B77 /* StructureSensorCalibrationIcon.png */,
				2DC563B922B1999B00E87B77 /* StructureSensorRequiredDark.png */,
				2DC563BA22B1999B00E87B77 /* SensorBattery2.png */,
				2DC563BB22B1999B00E87B77 /* StructureSensorRequiredDark@2x.png */,
				2DC563BC22B1999B00E87B77 /* SensorBatteryLow.ai */,
				2DC563BD22B1999B00E87B77 /* LaunchImageExamples.ai */,
				2DC563BE22B1999B00E87B77 /* StructureSensorRequiredLight.png */,
				2DC563BF22B1999B00E87B77 /* StructureSensorIcon.png */,
				2DC563C022B1999B00E87B77 /* StructureSensorRequiredLight@2x.png */,
				2DC563C122B1999B00E87B77 /* SensorBatteryLow.png */,
				2DC563C222B1999B00E87B77 /* LaunchImageExamples.pdf */,
				2DC563C322B1999B00E87B77 /* SensorBattery2@2x.png */,
				2DC563C422B1999B00E87B77 /* StructureSensorIcon@2x.png */,
				2DC563C522B1999B00E87B77 /* StructureSensorIcon.ai */,
			);
			path = Structure_SDK_App_Review_Assets;
			sourceTree = "<group>";
		};
/* End PBXGroup section */

/* Begin PBXNativeTarget section */
		2D44BDB021B4BF9C009A1066 /* eScan for Root Lab */ = {
			isa = PBXNativeTarget;
			buildConfigurationList = 2D44BDDC21B4BFA1009A1066 /* Build configuration list for PBXNativeTarget "eScan for Root Lab" */;
			buildPhases = (
				243650A16534E025F7172A1C /* [CP] Check Pods Manifest.lock */,
				2D44BDAD21B4BF9C009A1066 /* Sources */,
				2D44BDAE21B4BF9C009A1066 /* Frameworks */,
				2D44BDAF21B4BF9C009A1066 /* Resources */,
			);
			buildRules = (
			);
			dependencies = (
			);
			name = "eScan for Root Lab";
			productName = "eScan for Root Lab";
			productReference = 2D44BDB121B4BF9C009A1066 /* eScan for Root Lab.app */;
			productType = "com.apple.product-type.application";
		};
		2D44BDC721B4BFA1009A1066 /* eScan for Root LabTests */ = {
			isa = PBXNativeTarget;
			buildConfigurationList = 2D44BDDF21B4BFA1009A1066 /* Build configuration list for PBXNativeTarget "eScan for Root LabTests" */;
			buildPhases = (
				F2A03F7F1228088C35098634 /* [CP] Check Pods Manifest.lock */,
				2D44BDC421B4BFA1009A1066 /* Sources */,
				2D44BDC521B4BFA1009A1066 /* Frameworks */,
				2D44BDC621B4BFA1009A1066 /* Resources */,
			);
			buildRules = (
			);
			dependencies = (
				2D44BDCA21B4BFA1009A1066 /* PBXTargetDependency */,
			);
			name = "eScan for Root LabTests";
			productName = "eScan for Root LabTests";
			productReference = 2D44BDC821B4BFA1009A1066 /* eScan for Root LabTests.xctest */;
			productType = "com.apple.product-type.bundle.unit-test";
		};
		2D44BDD221B4BFA1009A1066 /* eScan for Root LabUITests */ = {
			isa = PBXNativeTarget;
			buildConfigurationList = 2D44BDE221B4BFA1009A1066 /* Build configuration list for PBXNativeTarget "eScan for Root LabUITests" */;
			buildPhases = (
				5687595C68FE7859E122E62F /* [CP] Check Pods Manifest.lock */,
				2D44BDCF21B4BFA1009A1066 /* Sources */,
				2D44BDD021B4BFA1009A1066 /* Frameworks */,
				2D44BDD121B4BFA1009A1066 /* Resources */,
			);
			buildRules = (
			);
			dependencies = (
				2D44BDD521B4BFA1009A1066 /* PBXTargetDependency */,
			);
			name = "eScan for Root LabUITests";
			productName = "eScan for Root LabUITests";
			productReference = 2D44BDD321B4BFA1009A1066 /* eScan for Root LabUITests.xctest */;
			productType = "com.apple.product-type.bundle.ui-testing";
		};
/* End PBXNativeTarget section */

/* Begin PBXProject section */
		2D44BDA921B4BF9C009A1066 /* Project object */ = {
			isa = PBXProject;
			attributes = {
				LastSwiftUpdateCheck = 1010;
				LastUpgradeCheck = 1010;
				ORGANIZATIONNAME = rootlab;
				TargetAttributes = {
					2D44BDB021B4BF9C009A1066 = {
						CreatedOnToolsVersion = 10.1;
					};
					2D44BDC721B4BFA1009A1066 = {
						CreatedOnToolsVersion = 10.1;
						TestTargetID = 2D44BDB021B4BF9C009A1066;
					};
					2D44BDD221B4BFA1009A1066 = {
						CreatedOnToolsVersion = 10.1;
						TestTargetID = 2D44BDB021B4BF9C009A1066;
					};
				};
			};
			buildConfigurationList = 2D44BDAC21B4BF9C009A1066 /* Build configuration list for PBXProject "eScan for Root Lab" */;
			compatibilityVersion = "Xcode 9.3";
			developmentRegion = en;
			hasScannedForEncodings = 0;
			knownRegions = (
				en,
				Base,
			);
			mainGroup = 2D44BDA821B4BF9C009A1066;
			productRefGroup = 2D44BDB221B4BF9C009A1066 /* Products */;
			projectDirPath = "";
			projectRoot = "";
			targets = (
				2D44BDB021B4BF9C009A1066 /* eScan for Root Lab */,
				2D44BDC721B4BFA1009A1066 /* eScan for Root LabTests */,
				2D44BDD221B4BFA1009A1066 /* eScan for Root LabUITests */,
			);
		};
/* End PBXProject section */

/* Begin PBXResourcesBuildPhase section */
		2D44BDAF21B4BF9C009A1066 /* Resources */ = {
			isa = PBXResourcesBuildPhase;
			buildActionMask = 2147483647;
			files = (
				2DE3081822122E43002795E7 /* buttonMD.png in Resources */,
				2D411F9E225074C7004D5862 /* ScannedR.png in Resources */,
				2DBCBF85221904BE004E3AC9 /* Circle.png in Resources */,
				2DC563D122B1999B00E87B77 /* LaunchImageExamples.pdf in Resources */,
				2D52F7C221BC703A00AC60F5 /* podiatrist.jpeg in Resources */,
				2D6A61E221F3DBA40077A8B1 /* fastcast3d.png in Resources */,
				2DE3081A22122E43002795E7 /* unchecked.png in Resources */,
				2DE3081622122E43002795E7 /* checked.png in Resources */,
				2DAEDD2522346275003E1591 /* labUseOnly.png in Resources */,
				2D44BDC221B4BFA0009A1066 /* LaunchScreen.storyboard in Resources */,
				2DE308082210E0A5002795E7 /* Mortons Extension.png in Resources */,
				2D44BDEE21B57231009A1066 /* richieBrace.jpg in Resources */,
				2DC563C622B1999B00E87B77 /* SensorBatteryLow@2x.png in Resources */,
				2D44BDF021B5728D009A1066 /* orthotics.jpg in Resources */,
				4EF53A9B22866E0200EE477D /* icons in Resources */,
				2D44BDBF21B4BFA0009A1066 /* Assets.xcassets in Resources */,
				2D8E46C22242AC97008DDB9A /* ScanNowbutton.png in Resources */,
				2DE307FE2210E055002795E7 /* Heel Pad.png in Resources */,
				2DE308022210E084002795E7 /* Dancers Pad.png in Resources */,
				2DE307F32210DF56002795E7 /* Kinetic Wedge.png in Resources */,
				2DC563C722B1999B00E87B77 /* StructureSensorCalibrationIcon.png in Resources */,
				2D92357F22E01A8200DB9864 /* SupportButton.png in Resources */,
				2DE308042210E093002795E7 /* Metatarsal Pad.png in Resources */,
				2DC563CD22B1999B00E87B77 /* StructureSensorRequiredLight.png in Resources */,
				2DC563CA22B1999B00E87B77 /* StructureSensorRequiredDark@2x.png in Resources */,
				2D2B241122054D130057F8C2 /* Root Lab transparent back PNG.png in Resources */,
				2D52F7C421BC713D00AC60F5 /* patient.png in Resources */,
				2DA5914A2218748900D79518 /* PolyChart.png in Resources */,
				2DE308002210E073002795E7 /* Horeshoe Pad.png in Resources */,
				2DE308062210E09D002795E7 /* Reverse mortons extension.png in Resources */,
				2DC5599221BC6D90005F99BA /* structure scanner image.png in Resources */,
				2D9B418121D87F0D0022FE2D /* mailcore2-ios.podspec.json in Resources */,
				2DC563CE22B1999B00E87B77 /* StructureSensorIcon.png in Resources */,
				2DC563C822B1999B00E87B77 /* StructureSensorRequiredDark.png in Resources */,
				2D44BDBA21B4BF9C009A1066 /* Main.storyboard in Resources */,
				2D6A61E421F3DD250077A8B1 /* greybar.png in Resources */,
				2DE3081C22122E43002795E7 /* Button.png in Resources */,
				2DC563CF22B1999B00E87B77 /* StructureSensorRequiredLight@2x.png in Resources */,
				2DC563D022B1999B00E87B77 /* SensorBatteryLow.png in Resources */,
				2DC563D322B1999B00E87B77 /* StructureSensorIcon@2x.png in Resources */,
				2DE3081722122E43002795E7 /* Camera.png in Resources */,
				2D411F9F225074C7004D5862 /* ScanR.png in Resources */,
				2DE307E2220F4AA7002795E7 /* Item Selection.png in Resources */,
				2DE307F22210DF56002795E7 /* Neuroma Pad.png in Resources */,
				2DE3081922122E43002795E7 /* buttonLong.png in Resources */,
				2DE3082022186839002795E7 /* Donebutton.png in Resources */,
				2D61F50D22FBEFFF0057F794 /* eScan for Root Lab-2019-08-06-144131.ips.beta in Resources */,
				2D411FA0225074C7004D5862 /* ScanL.png in Resources */,
				2DE307F42210DF56002795E7 /* Metatarsal Bar.png in Resources */,
				2D44BDEC21B56EF4009A1066 /* mid_bg.jpg in Resources */,
				2DC563D622B209C100E87B77 /* StructureSensorRequired.png in Resources */,
				2DC563CB22B1999B00E87B77 /* SensorBatteryLow.ai in Resources */,
				2DC563CC22B1999B00E87B77 /* LaunchImageExamples.ai in Resources */,
				2DC563D422B1999B00E87B77 /* StructureSensorIcon.ai in Resources */,
				2DC563D222B1999B00E87B77 /* SensorBattery2@2x.png in Resources */,
				2D411FA1225074C7004D5862 /* ScannedL.png in Resources */,
				2DC563C922B1999B00E87B77 /* SensorBattery2.png in Resources */,
			);
			runOnlyForDeploymentPostprocessing = 0;
		};
		2D44BDC621B4BFA1009A1066 /* Resources */ = {
			isa = PBXResourcesBuildPhase;
			buildActionMask = 2147483647;
			files = (
			);
			runOnlyForDeploymentPostprocessing = 0;
		};
		2D44BDD121B4BFA1009A1066 /* Resources */ = {
			isa = PBXResourcesBuildPhase;
			buildActionMask = 2147483647;
			files = (
			);
			runOnlyForDeploymentPostprocessing = 0;
		};
/* End PBXResourcesBuildPhase section */

/* Begin PBXShellScriptBuildPhase section */
		243650A16534E025F7172A1C /* [CP] Check Pods Manifest.lock */ = {
			isa = PBXShellScriptBuildPhase;
			buildActionMask = 2147483647;
			files = (
			);
			inputFileListPaths = (
			);
			inputPaths = (
				"${PODS_PODFILE_DIR_PATH}/Podfile.lock",
				"${PODS_ROOT}/Manifest.lock",
			);
			name = "[CP] Check Pods Manifest.lock";
			outputFileListPaths = (
			);
			outputPaths = (
				"$(DERIVED_FILE_DIR)/Pods-eScan for Root Lab-checkManifestLockResult.txt",
			);
			runOnlyForDeploymentPostprocessing = 0;
			shellPath = /bin/sh;
			shellScript = "diff \"${PODS_PODFILE_DIR_PATH}/Podfile.lock\" \"${PODS_ROOT}/Manifest.lock\" > /dev/null\nif [ $? != 0 ] ; then\n    # print error to STDERR\n    echo \"error: The sandbox is not in sync with the Podfile.lock. Run 'pod install' or update your CocoaPods installation.\" >&2\n    exit 1\nfi\n# This output is used by Xcode 'outputs' to avoid re-running this script phase.\necho \"SUCCESS\" > \"${SCRIPT_OUTPUT_FILE_0}\"\n";
			showEnvVarsInLog = 0;
		};
		5687595C68FE7859E122E62F /* [CP] Check Pods Manifest.lock */ = {
			isa = PBXShellScriptBuildPhase;
			buildActionMask = 2147483647;
			files = (
			);
			inputFileListPaths = (
			);
			inputPaths = (
				"${PODS_PODFILE_DIR_PATH}/Podfile.lock",
				"${PODS_ROOT}/Manifest.lock",
			);
			name = "[CP] Check Pods Manifest.lock";
			outputFileListPaths = (
			);
			outputPaths = (
				"$(DERIVED_FILE_DIR)/Pods-eScan for Root LabUITests-checkManifestLockResult.txt",
			);
			runOnlyForDeploymentPostprocessing = 0;
			shellPath = /bin/sh;
			shellScript = "diff \"${PODS_PODFILE_DIR_PATH}/Podfile.lock\" \"${PODS_ROOT}/Manifest.lock\" > /dev/null\nif [ $? != 0 ] ; then\n    # print error to STDERR\n    echo \"error: The sandbox is not in sync with the Podfile.lock. Run 'pod install' or update your CocoaPods installation.\" >&2\n    exit 1\nfi\n# This output is used by Xcode 'outputs' to avoid re-running this script phase.\necho \"SUCCESS\" > \"${SCRIPT_OUTPUT_FILE_0}\"\n";
			showEnvVarsInLog = 0;
		};
		F2A03F7F1228088C35098634 /* [CP] Check Pods Manifest.lock */ = {
			isa = PBXShellScriptBuildPhase;
			buildActionMask = 2147483647;
			files = (
			);
			inputFileListPaths = (
			);
			inputPaths = (
				"${PODS_PODFILE_DIR_PATH}/Podfile.lock",
				"${PODS_ROOT}/Manifest.lock",
			);
			name = "[CP] Check Pods Manifest.lock";
			outputFileListPaths = (
			);
			outputPaths = (
				"$(DERIVED_FILE_DIR)/Pods-eScan for Root LabTests-checkManifestLockResult.txt",
			);
			runOnlyForDeploymentPostprocessing = 0;
			shellPath = /bin/sh;
			shellScript = "diff \"${PODS_PODFILE_DIR_PATH}/Podfile.lock\" \"${PODS_ROOT}/Manifest.lock\" > /dev/null\nif [ $? != 0 ] ; then\n    # print error to STDERR\n    echo \"error: The sandbox is not in sync with the Podfile.lock. Run 'pod install' or update your CocoaPods installation.\" >&2\n    exit 1\nfi\n# This output is used by Xcode 'outputs' to avoid re-running this script phase.\necho \"SUCCESS\" > \"${SCRIPT_OUTPUT_FILE_0}\"\n";
			showEnvVarsInLog = 0;
		};
/* End PBXShellScriptBuildPhase section */

/* Begin PBXSourcesBuildPhase section */
		2D44BDAD21B4BF9C009A1066 /* Sources */ = {
			isa = PBXSourcesBuildPhase;
			buildActionMask = 2147483647;
			files = (
				2D44BDB721B4BF9C009A1066 /* ViewController.swift in Sources */,
				2D6A61F921F64A690077A8B1 /* MeshViewController.swift in Sources */,
				2D9B41FE21E85E7F0022FE2D /* StructureScannerViewController.swift in Sources */,
				2D6A61FD21F64A690077A8B1 /* EAGLView.swift in Sources */,
				2DA5914C2218B77000D79518 /* TopCoversViewController.swift in Sources */,
				2D44BDBD21B4BF9C009A1066 /* eScan_for_Root_Lab.xcdatamodeld in Sources */,
				2D6A61F021F64A430077A8B1 /* CustomShaders.swift in Sources */,
				2D6A61F821F64A690077A8B1 /* ViewController+Camera.swift in Sources */,
				2DE307E6220F911F002795E7 /* OrthoticsPrescriptionViewController.swift in Sources */,
				2D6A61FC21F64A690077A8B1 /* ViewController+OpenGL.swift in Sources */,
				2D44BDB521B4BF9C009A1066 /* AppDelegate.swift in Sources */,
				2D9B41FA21E859E40022FE2D /* RichieBraceViewController.swift in Sources */,
				2D6A61FA21F64A690077A8B1 /* ViewpointController.swift in Sources */,
				2DE307E82210A8DF002795E7 /* GlobalVariables.swift in Sources */,
				2DE5CF4B2287F17900C68708 /* OrderManagementViewController.swift in Sources */,
				2DE307E4220F5CF9002795E7 /* TableViewController.swift in Sources */,
				2D6A61EE21F64A2B0077A8B1 /* MeshRenderer.swift in Sources */,
				2D9B417521D2DF9C0022FE2D /* CustomPrintRenderer.swift in Sources */,
				2D6A61FE21F64A690077A8B1 /* ScannerExtensions.swift in Sources */,
				2D6A61FB21F64A690077A8B1 /* ViewController+SLAM.swift in Sources */,
			);
			runOnlyForDeploymentPostprocessing = 0;
		};
		2D44BDC421B4BFA1009A1066 /* Sources */ = {
			isa = PBXSourcesBuildPhase;
			buildActionMask = 2147483647;
			files = (
				2D44BDCD21B4BFA1009A1066 /* eScan_for_Root_LabTests.swift in Sources */,
			);
			runOnlyForDeploymentPostprocessing = 0;
		};
		2D44BDCF21B4BFA1009A1066 /* Sources */ = {
			isa = PBXSourcesBuildPhase;
			buildActionMask = 2147483647;
			files = (
				2D44BDD821B4BFA1009A1066 /* eScan_for_Root_LabUITests.swift in Sources */,
			);
			runOnlyForDeploymentPostprocessing = 0;
		};
/* End PBXSourcesBuildPhase section */

/* Begin PBXTargetDependency section */
		2D44BDCA21B4BFA1009A1066 /* PBXTargetDependency */ = {
			isa = PBXTargetDependency;
			target = 2D44BDB021B4BF9C009A1066 /* eScan for Root Lab */;
			targetProxy = 2D44BDC921B4BFA1009A1066 /* PBXContainerItemProxy */;
		};
		2D44BDD521B4BFA1009A1066 /* PBXTargetDependency */ = {
			isa = PBXTargetDependency;
			target = 2D44BDB021B4BF9C009A1066 /* eScan for Root Lab */;
			targetProxy = 2D44BDD421B4BFA1009A1066 /* PBXContainerItemProxy */;
		};
/* End PBXTargetDependency section */

/* Begin PBXVariantGroup section */
		2D44BDB821B4BF9C009A1066 /* Main.storyboard */ = {
			isa = PBXVariantGroup;
			children = (
				2D44BDB921B4BF9C009A1066 /* Base */,
			);
			name = Main.storyboard;
			sourceTree = "<group>";
		};
		2D44BDC021B4BFA0009A1066 /* LaunchScreen.storyboard */ = {
			isa = PBXVariantGroup;
			children = (
				2D44BDC121B4BFA0009A1066 /* Base */,
			);
			name = LaunchScreen.storyboard;
			sourceTree = "<group>";
		};
/* End PBXVariantGroup section */

/* Begin XCBuildConfiguration section */
		2D44BDDA21B4BFA1009A1066 /* Debug */ = {
			isa = XCBuildConfiguration;
			buildSettings = {
				ALWAYS_SEARCH_USER_PATHS = NO;
				CLANG_ANALYZER_NONNULL = YES;
				CLANG_ANALYZER_NUMBER_OBJECT_CONVERSION = YES_AGGRESSIVE;
				CLANG_CXX_LANGUAGE_STANDARD = "gnu++14";
				CLANG_CXX_LIBRARY = "libc++";
				CLANG_ENABLE_MODULES = YES;
				CLANG_ENABLE_OBJC_ARC = YES;
				CLANG_ENABLE_OBJC_WEAK = YES;
				CLANG_WARN_BLOCK_CAPTURE_AUTORELEASING = YES;
				CLANG_WARN_BOOL_CONVERSION = YES;
				CLANG_WARN_COMMA = YES;
				CLANG_WARN_CONSTANT_CONVERSION = YES;
				CLANG_WARN_DEPRECATED_OBJC_IMPLEMENTATIONS = YES;
				CLANG_WARN_DIRECT_OBJC_ISA_USAGE = YES_ERROR;
				CLANG_WARN_DOCUMENTATION_COMMENTS = YES;
				CLANG_WARN_EMPTY_BODY = YES;
				CLANG_WARN_ENUM_CONVERSION = YES;
				CLANG_WARN_INFINITE_RECURSION = YES;
				CLANG_WARN_INT_CONVERSION = YES;
				CLANG_WARN_NON_LITERAL_NULL_CONVERSION = YES;
				CLANG_WARN_OBJC_IMPLICIT_RETAIN_SELF = YES;
				CLANG_WARN_OBJC_LITERAL_CONVERSION = YES;
				CLANG_WARN_OBJC_ROOT_CLASS = YES_ERROR;
				CLANG_WARN_RANGE_LOOP_ANALYSIS = YES;
				CLANG_WARN_STRICT_PROTOTYPES = YES;
				CLANG_WARN_SUSPICIOUS_MOVE = YES;
				CLANG_WARN_UNGUARDED_AVAILABILITY = YES_AGGRESSIVE;
				CLANG_WARN_UNREACHABLE_CODE = YES;
				CLANG_WARN__DUPLICATE_METHOD_MATCH = YES;
				CODE_SIGN_IDENTITY = "iPhone Developer";
				COPY_PHASE_STRIP = NO;
				DEBUG_INFORMATION_FORMAT = dwarf;
				ENABLE_STRICT_OBJC_MSGSEND = YES;
				ENABLE_TESTABILITY = YES;
				GCC_C_LANGUAGE_STANDARD = gnu11;
				GCC_DYNAMIC_NO_PIC = NO;
				GCC_NO_COMMON_BLOCKS = YES;
				GCC_OPTIMIZATION_LEVEL = 0;
				GCC_PREPROCESSOR_DEFINITIONS = (
					"DEBUG=1",
					"$(inherited)",
				);
				GCC_WARN_64_TO_32_BIT_CONVERSION = YES;
				GCC_WARN_ABOUT_RETURN_TYPE = YES_ERROR;
				GCC_WARN_UNDECLARED_SELECTOR = YES;
				GCC_WARN_UNINITIALIZED_AUTOS = YES_AGGRESSIVE;
				GCC_WARN_UNUSED_FUNCTION = YES;
				GCC_WARN_UNUSED_VARIABLE = YES;
				IPHONEOS_DEPLOYMENT_TARGET = 12.1;
				MTL_ENABLE_DEBUG_INFO = INCLUDE_SOURCE;
				MTL_FAST_MATH = YES;
				ONLY_ACTIVE_ARCH = YES;
				SDKROOT = iphoneos;
				SWIFT_ACTIVE_COMPILATION_CONDITIONS = DEBUG;
				SWIFT_OPTIMIZATION_LEVEL = "-Onone";
			};
			name = Debug;
		};
		2D44BDDB21B4BFA1009A1066 /* Release */ = {
			isa = XCBuildConfiguration;
			buildSettings = {
				ALWAYS_SEARCH_USER_PATHS = NO;
				CLANG_ANALYZER_NONNULL = YES;
				CLANG_ANALYZER_NUMBER_OBJECT_CONVERSION = YES_AGGRESSIVE;
				CLANG_CXX_LANGUAGE_STANDARD = "gnu++14";
				CLANG_CXX_LIBRARY = "libc++";
				CLANG_ENABLE_MODULES = YES;
				CLANG_ENABLE_OBJC_ARC = YES;
				CLANG_ENABLE_OBJC_WEAK = YES;
				CLANG_WARN_BLOCK_CAPTURE_AUTORELEASING = YES;
				CLANG_WARN_BOOL_CONVERSION = YES;
				CLANG_WARN_COMMA = YES;
				CLANG_WARN_CONSTANT_CONVERSION = YES;
				CLANG_WARN_DEPRECATED_OBJC_IMPLEMENTATIONS = YES;
				CLANG_WARN_DIRECT_OBJC_ISA_USAGE = YES_ERROR;
				CLANG_WARN_DOCUMENTATION_COMMENTS = YES;
				CLANG_WARN_EMPTY_BODY = YES;
				CLANG_WARN_ENUM_CONVERSION = YES;
				CLANG_WARN_INFINITE_RECURSION = YES;
				CLANG_WARN_INT_CONVERSION = YES;
				CLANG_WARN_NON_LITERAL_NULL_CONVERSION = YES;
				CLANG_WARN_OBJC_IMPLICIT_RETAIN_SELF = YES;
				CLANG_WARN_OBJC_LITERAL_CONVERSION = YES;
				CLANG_WARN_OBJC_ROOT_CLASS = YES_ERROR;
				CLANG_WARN_RANGE_LOOP_ANALYSIS = YES;
				CLANG_WARN_STRICT_PROTOTYPES = YES;
				CLANG_WARN_SUSPICIOUS_MOVE = YES;
				CLANG_WARN_UNGUARDED_AVAILABILITY = YES_AGGRESSIVE;
				CLANG_WARN_UNREACHABLE_CODE = YES;
				CLANG_WARN__DUPLICATE_METHOD_MATCH = YES;
				CODE_SIGN_IDENTITY = "iPhone Developer";
				COPY_PHASE_STRIP = NO;
				DEBUG_INFORMATION_FORMAT = "dwarf-with-dsym";
				ENABLE_NS_ASSERTIONS = NO;
				ENABLE_STRICT_OBJC_MSGSEND = YES;
				GCC_C_LANGUAGE_STANDARD = gnu11;
				GCC_NO_COMMON_BLOCKS = YES;
				GCC_WARN_64_TO_32_BIT_CONVERSION = YES;
				GCC_WARN_ABOUT_RETURN_TYPE = YES_ERROR;
				GCC_WARN_UNDECLARED_SELECTOR = YES;
				GCC_WARN_UNINITIALIZED_AUTOS = YES_AGGRESSIVE;
				GCC_WARN_UNUSED_FUNCTION = YES;
				GCC_WARN_UNUSED_VARIABLE = YES;
				IPHONEOS_DEPLOYMENT_TARGET = 12.1;
				MTL_ENABLE_DEBUG_INFO = NO;
				MTL_FAST_MATH = YES;
				SDKROOT = iphoneos;
				SWIFT_COMPILATION_MODE = wholemodule;
				SWIFT_OPTIMIZATION_LEVEL = "-O";
				VALIDATE_PRODUCT = YES;
			};
			name = Release;
		};
		2D44BDDD21B4BFA1009A1066 /* Debug */ = {
			isa = XCBuildConfiguration;
			baseConfigurationReference = 7E43037612DE032A5AB0EF30 /* Pods-eScan for Root Lab.debug.xcconfig */;
			buildSettings = {
				ASSETCATALOG_COMPILER_APPICON_NAME = AppIcon;
				CODE_SIGN_STYLE = Automatic;
				DEVELOPMENT_TEAM = 623A5J4WD9;
				ENABLE_BITCODE = NO;
				FRAMEWORK_SEARCH_PATHS = (
					"$(inherited)",
					"$(PROJECT_DIR)",
					"$(PROJECT_DIR)/Structure\\ SDK/Frameworks",
				);
				HEADER_SEARCH_PATHS = (
					"$(PROJECT_DIR)/Structure.framework/Headers",
					"Pods/**",
				);
				"HEADER_SEARCH_PATHS[arch=*]" = (
					"$(PROJECT_DIR)/Structure.framework/Headers",
					"Pods/**",
				);
				INFOPLIST_FILE = "eScan for Root Lab/Info.plist";
				IPHONEOS_DEPLOYMENT_TARGET = 11.0;
				LD_RUNPATH_SEARCH_PATHS = (
					"$(inherited)",
					"@executable_path/Frameworks",
				);
				LIBRARY_SEARCH_PATHS = (
					"$(inherited)",
					"$(PROJECT_DIR)/Pods/mailcore2-ios/lib",
					"$(PROJECT_DIR)",
				);
				"LIBRARY_SEARCH_PATHS[sdk=iphoneos*]" = "$(inherited)";
				ONLY_ACTIVE_ARCH = NO;
				PRODUCT_BUNDLE_IDENTIFIER = "com.root-lab";
				PRODUCT_NAME = "$(TARGET_NAME)";
				SWIFT_ENABLE_BATCH_MODE = NO;
				SWIFT_OBJC_BRIDGING_HEADER = "eScan for Root Lab-Bridging-Header.h";
				"SWIFT_OBJC_BRIDGING_HEADER[arch=*]" = "eScan for Root Lab-Bridging-Header.h";
				SWIFT_VERSION = 4.2;
				TARGETED_DEVICE_FAMILY = 2;
				VALID_ARCHS = "arm64 arm64e";
			};
			name = Debug;
		};
		2D44BDDE21B4BFA1009A1066 /* Release */ = {
			isa = XCBuildConfiguration;
			baseConfigurationReference = 5F98FE6D1D999B2FF00B6ED9 /* Pods-eScan for Root Lab.release.xcconfig */;
			buildSettings = {
				ASSETCATALOG_COMPILER_APPICON_NAME = AppIcon;
				CODE_SIGN_STYLE = Automatic;
				DEVELOPMENT_TEAM = 623A5J4WD9;
				ENABLE_BITCODE = NO;
				FRAMEWORK_SEARCH_PATHS = (
					"$(inherited)",
					"$(PROJECT_DIR)",
					"$(PROJECT_DIR)/Structure\\ SDK/Frameworks",
				);
				HEADER_SEARCH_PATHS = (
					"$(PROJECT_DIR)/Structure.framework/Headers",
					"Pods/**",
				);
				"HEADER_SEARCH_PATHS[arch=*]" = (
					"$(PROJECT_DIR)/Structure.framework/Headers",
					"Pods/**",
				);
				INFOPLIST_FILE = "eScan for Root Lab/Info.plist";
				IPHONEOS_DEPLOYMENT_TARGET = 11.0;
				LD_RUNPATH_SEARCH_PATHS = (
					"$(inherited)",
					"@executable_path/Frameworks",
				);
				LIBRARY_SEARCH_PATHS = (
					"$(inherited)",
					"$(PROJECT_DIR)/Pods/mailcore2-ios/lib",
					"$(PROJECT_DIR)",
				);
				"LIBRARY_SEARCH_PATHS[arch=*]" = "$(inherited)";
				ONLY_ACTIVE_ARCH = NO;
				PRODUCT_BUNDLE_IDENTIFIER = "com.root-lab";
				PRODUCT_NAME = "$(TARGET_NAME)";
				SWIFT_ENABLE_BATCH_MODE = NO;
				SWIFT_OBJC_BRIDGING_HEADER = "eScan for Root Lab-Bridging-Header.h";
				"SWIFT_OBJC_BRIDGING_HEADER[arch=*]" = "eScan for Root Lab-Bridging-Header.h";
				SWIFT_VERSION = 4.2;
				TARGETED_DEVICE_FAMILY = 2;
				VALID_ARCHS = "arm64 arm64e";
			};
			name = Release;
		};
		2D44BDE021B4BFA1009A1066 /* Debug */ = {
			isa = XCBuildConfiguration;
			baseConfigurationReference = F8F048265EA71687C36CBA56 /* Pods-eScan for Root LabTests.debug.xcconfig */;
			buildSettings = {
				ALWAYS_EMBED_SWIFT_STANDARD_LIBRARIES = YES;
				BUNDLE_LOADER = "$(TEST_HOST)";
				CODE_SIGN_STYLE = Automatic;
				INFOPLIST_FILE = "eScan for Root LabTests/Info.plist";
				LD_RUNPATH_SEARCH_PATHS = (
					"$(inherited)",
					"@executable_path/Frameworks",
					"@loader_path/Frameworks",
				);
				PRODUCT_BUNDLE_IDENTIFIER = "com.rootlab.eScan-for-Root-LabTests";
				PRODUCT_NAME = "$(TARGET_NAME)";
				SWIFT_VERSION = 4.2;
				TARGETED_DEVICE_FAMILY = "1,2";
				TEST_HOST = "$(BUILT_PRODUCTS_DIR)/eScan for Root Lab.app/eScan for Root Lab";
			};
			name = Debug;
		};
		2D44BDE121B4BFA1009A1066 /* Release */ = {
			isa = XCBuildConfiguration;
			baseConfigurationReference = 534A46261B8747864B8BD9AA /* Pods-eScan for Root LabTests.release.xcconfig */;
			buildSettings = {
				ALWAYS_EMBED_SWIFT_STANDARD_LIBRARIES = YES;
				BUNDLE_LOADER = "$(TEST_HOST)";
				CODE_SIGN_STYLE = Automatic;
				INFOPLIST_FILE = "eScan for Root LabTests/Info.plist";
				LD_RUNPATH_SEARCH_PATHS = (
					"$(inherited)",
					"@executable_path/Frameworks",
					"@loader_path/Frameworks",
				);
				PRODUCT_BUNDLE_IDENTIFIER = "com.rootlab.eScan-for-Root-LabTests";
				PRODUCT_NAME = "$(TARGET_NAME)";
				SWIFT_VERSION = 4.2;
				TARGETED_DEVICE_FAMILY = "1,2";
				TEST_HOST = "$(BUILT_PRODUCTS_DIR)/eScan for Root Lab.app/eScan for Root Lab";
			};
			name = Release;
		};
		2D44BDE321B4BFA1009A1066 /* Debug */ = {
			isa = XCBuildConfiguration;
			baseConfigurationReference = DDF11C6C853AAA446F0C7426 /* Pods-eScan for Root LabUITests.debug.xcconfig */;
			buildSettings = {
				ALWAYS_EMBED_SWIFT_STANDARD_LIBRARIES = YES;
				CODE_SIGN_STYLE = Automatic;
				INFOPLIST_FILE = "eScan for Root LabUITests/Info.plist";
				LD_RUNPATH_SEARCH_PATHS = (
					"$(inherited)",
					"@executable_path/Frameworks",
					"@loader_path/Frameworks",
				);
				PRODUCT_BUNDLE_IDENTIFIER = "com.rootlab.eScan-for-Root-LabUITests";
				PRODUCT_NAME = "$(TARGET_NAME)";
				SWIFT_VERSION = 4.2;
				TARGETED_DEVICE_FAMILY = "1,2";
				TEST_TARGET_NAME = "eScan for Root Lab";
			};
			name = Debug;
		};
		2D44BDE421B4BFA1009A1066 /* Release */ = {
			isa = XCBuildConfiguration;
			baseConfigurationReference = 64B2D0386FFEDF6424EF0966 /* Pods-eScan for Root LabUITests.release.xcconfig */;
			buildSettings = {
				ALWAYS_EMBED_SWIFT_STANDARD_LIBRARIES = YES;
				CODE_SIGN_STYLE = Automatic;
				INFOPLIST_FILE = "eScan for Root LabUITests/Info.plist";
				LD_RUNPATH_SEARCH_PATHS = (
					"$(inherited)",
					"@executable_path/Frameworks",
					"@loader_path/Frameworks",
				);
				PRODUCT_BUNDLE_IDENTIFIER = "com.rootlab.eScan-for-Root-LabUITests";
				PRODUCT_NAME = "$(TARGET_NAME)";
				SWIFT_VERSION = 4.2;
				TARGETED_DEVICE_FAMILY = "1,2";
				TEST_TARGET_NAME = "eScan for Root Lab";
			};
			name = Release;
		};
/* End XCBuildConfiguration section */

/* Begin XCConfigurationList section */
		2D44BDAC21B4BF9C009A1066 /* Build configuration list for PBXProject "eScan for Root Lab" */ = {
			isa = XCConfigurationList;
			buildConfigurations = (
				2D44BDDA21B4BFA1009A1066 /* Debug */,
				2D44BDDB21B4BFA1009A1066 /* Release */,
			);
			defaultConfigurationIsVisible = 0;
			defaultConfigurationName = Release;
		};
		2D44BDDC21B4BFA1009A1066 /* Build configuration list for PBXNativeTarget "eScan for Root Lab" */ = {
			isa = XCConfigurationList;
			buildConfigurations = (
				2D44BDDD21B4BFA1009A1066 /* Debug */,
				2D44BDDE21B4BFA1009A1066 /* Release */,
			);
			defaultConfigurationIsVisible = 0;
			defaultConfigurationName = Release;
		};
		2D44BDDF21B4BFA1009A1066 /* Build configuration list for PBXNativeTarget "eScan for Root LabTests" */ = {
			isa = XCConfigurationList;
			buildConfigurations = (
				2D44BDE021B4BFA1009A1066 /* Debug */,
				2D44BDE121B4BFA1009A1066 /* Release */,
			);
			defaultConfigurationIsVisible = 0;
			defaultConfigurationName = Release;
		};
		2D44BDE221B4BFA1009A1066 /* Build configuration list for PBXNativeTarget "eScan for Root LabUITests" */ = {
			isa = XCConfigurationList;
			buildConfigurations = (
				2D44BDE321B4BFA1009A1066 /* Debug */,
				2D44BDE421B4BFA1009A1066 /* Release */,
			);
			defaultConfigurationIsVisible = 0;
			defaultConfigurationName = Release;
		};
/* End XCConfigurationList section */

/* Begin XCVersionGroup section */
		2D44BDBB21B4BF9C009A1066 /* eScan_for_Root_Lab.xcdatamodeld */ = {
			isa = XCVersionGroup;
			children = (
				2D44BDBC21B4BF9C009A1066 /* eScan_for_Root_Lab.xcdatamodel */,
			);
			currentVersion = 2D44BDBC21B4BF9C009A1066 /* eScan_for_Root_Lab.xcdatamodel */;
			path = eScan_for_Root_Lab.xcdatamodeld;
			sourceTree = "<group>";
			versionGroupType = wrapper.xcdatamodel;
		};
/* End XCVersionGroup section */
	};
	rootObject = 2D44BDA921B4BF9C009A1066 /* Project object */;
}
